<?xml version="1.0" encoding="utf-8"?>
<Project ToolsVersion="17.0" xmlns="http://schemas.microsoft.com/developer/msbuild/2003">
  <ItemGroup>
    <ClCompile Include="C:\msys64\home\chuel\elly_videoplayer\src\src\decoder\AVDecoderHandler.cpp">
      <Filter>Source Files</Filter>
    </ClCompile>
    <ClCompile Include="C:\msys64\home\chuel\elly_videoplayer\src\src\decoder\DecoderFFmpeg.cpp">
      <Filter>Source Files</Filter>
    </ClCompile>
    <ClCompile Include="C:\msys64\home\chuel\elly_videoplayer\src\src\encoder\AVEncoderHandler.cpp">
      <Filter>Source Files</Filter>
    </ClCompile>
    <ClCompile Include="C:\msys64\home\chuel\elly_videoplayer\src\src\godot\FFmpegMediaPlayer.cpp">
      <Filter>Source Files</Filter>
    </ClCompile>
    <ClCompile Include="C:\msys64\home\chuel\elly_videoplayer\src\src\godot\register_types.cpp">
      <Filter>Source Files</Filter>
    </ClCompile>
    <ClCompile Include="C:\msys64\home\chuel\elly_videoplayer\src\src\interface\MediaDecoderUtility.cpp">
      <Filter>Source Files</Filter>
    </ClCompile>
    <ClCompile Include="C:\msys64\home\chuel\elly_videoplayer\src\src\interface\MediaEncoderUtility.cpp">
      <Filter>Source Files</Filter>
    </ClCompile>
    <ClCompile Include="C:\msys64\home\chuel\elly_videoplayer\src\src\interface\MediaInfoUtility.cpp">
      <Filter>Source Files</Filter>
    </ClCompile>
  </ItemGroup>
  <ItemGroup>
    <ClInclude Include="C:\msys64\home\chuel\elly_videoplayer\src\Version.h.in">
      <Filter>Header Files</Filter>
    </ClInclude>
    <ClInclude Include="C:\msys64\home\chuel\elly_videoplayer\elly_player_gdextension_windows\gen\Version.h">
      <Filter>Header Files</Filter>
    </ClInclude>
    <ClInclude Include="C:\msys64\home\chuel\elly_videoplayer\src\src\DecodeConfig.h">
      <Filter>Header Files</Filter>
    </ClInclude>
    <ClInclude Include="C:\msys64\home\chuel\elly_videoplayer\src\src\Logger.h">
      <Filter>Header Files</Filter>
    </ClInclude>
    <ClInclude Include="C:\msys64\home\chuel\elly_videoplayer\src\src\decoder\AVDecoderHandler.h">
      <Filter>Header Files</Filter>
    </ClInclude>
    <ClInclude Include="C:\msys64\home\chuel\elly_videoplayer\src\src\decoder\DecoderFFmpeg.h">
      <Filter>Header Files</Filter>
    </ClInclude>
    <ClInclude Include="C:\msys64\home\chuel\elly_videoplayer\src\src\decoder\IDecoder.h">
      <Filter>Header Files</Filter>
    </ClInclude>
    <ClInclude Include="C:\msys64\home\chuel\elly_videoplayer\src\src\encoder\AVEncoderHandler.h">
      <Filter>Header Files</Filter>
    </ClInclude>
    <ClInclude Include="C:\msys64\home\chuel\elly_videoplayer\src\src\encoder\IEncoder.h">
      <Filter>Header Files</Filter>
    </ClInclude>
    <ClInclude Include="C:\msys64\home\chuel\elly_videoplayer\src\src\godot\FFmpegMediaPlayer.h">
      <Filter>Header Files</Filter>
    </ClInclude>
    <ClInclude Include="C:\msys64\home\chuel\elly_videoplayer\src\src\godot\register_types.h">
      <Filter>Header Files</Filter>
    </ClInclude>
    <ClInclude Include="C:\msys64\home\chuel\elly_videoplayer\src\src\interface\MediaDecoderUtility.h">
      <Filter>Header Files</Filter>
    </ClInclude>
    <ClInclude Include="C:\msys64\home\chuel\elly_videoplayer\src\src\interface\MediaEncoderUtility.h">
      <Filter>Header Files</Filter>
    </ClInclude>
    <ClInclude Include="C:\msys64\home\chuel\elly_videoplayer\src\src\interface\MediaInfoUtility.h">
      <Filter>Header Files</Filter>
    </ClInclude>
  </ItemGroup>
  <ItemGroup>
    <CustomBuild Include="C:\msys64\home\chuel\elly_videoplayer\CMakeLists.txt" />
  </ItemGroup>
  <ItemGroup>
    <Filter Include="Header Files">
      <UniqueIdentifier>{92728D44-94D8-3453-86B2-A61956D962BE}</UniqueIdentifier>
    </Filter>
    <Filter Include="Source Files">
      <UniqueIdentifier>{17D12F55-D526-3B55-80B5-65175B1C200F}</UniqueIdentifier>
    </Filter>
  </ItemGroup>
</Project>
